
Microsoft Visual Studio Solution File, Format Version 12.00
# Visual Studio Version 16
VisualStudioVersion = 16.0.30717.126
MinimumVisualStudioVersion = 10.0.40219.1
Project("{9A19103F-16F7-4668-BE54-9A1E7A4F7556}") = "EF_DBFirst", "EF_DBFirst.csproj", "{9C5D120B-C9CB-4A33-8BF9-A1766E9F7190}"
EndProject
Global
	GlobalSection(SolutionConfigurationPlatforms) = preSolution
		Debug|Any CPU = Debug|Any CPU
		Release|Any CPU = Release|Any CPU
	EndGlobalSection
	GlobalSection(ProjectConfigurationPlatforms) = postSolution
		{9C5D120B-C9CB-4A33-8BF9-A1766E9F7190}.Debug|Any CPU.ActiveCfg = Debug|Any CPU
		{9C5D120B-C9CB-4A33-8BF9-A1766E9F7190}.Debug|Any CPU.Build.0 = Debug|Any CPU
		{9C5D120B-C9CB-4A33-8BF9-A1766E9F7190}.Release|Any CPU.ActiveCfg = Release|Any CPU
		{9C5D120B-C9CB-4A33-8BF9-A1766E9F7190}.Release|Any CPU.Build.0 = Release|Any CPU
	EndGlobalSection
	GlobalSection(SolutionProperties) = preSolution
		HideSolutionNode = FALSE
	EndGlobalSection
	GlobalSection(ExtensibilityGlobals) = postSolution
		SolutionGuid = {9FE96B6F-F59B-4611-9809-BC11AD887DAA}
	EndGlobalSection
EndGlobal
